
Microsoft Visual Studio Solution File, Format Version 12.00
# Visual Studio Version 17
VisualStudioVersion = 17.9.34728.123
MinimumVisualStudioVersion = 10.0.40219.1
Project("{FAE04EC0-301F-11D3-BF4B-00C04F79EFBC}") = "MoenDotNet", "MoenDotNet.csproj", "{7986E4CD-C5CD-40A1-87BE-D23F2840A668}"
EndProject
Global
	GlobalSection(SolutionConfigurationPlatforms) = preSolution
		Debug|Any CPU = Debug|Any CPU
		Release|Any CPU = Release|Any CPU
	EndGlobalSection
	GlobalSection(ProjectConfigurationPlatforms) = postSolution
		{7986E4CD-C5CD-40A1-87BE-D23F2840A668}.Debug|Any CPU.ActiveCfg = Debug|Any CPU
		{7986E4CD-C5CD-40A1-87BE-D23F2840A668}.Debug|Any CPU.Build.0 = Debug|Any CPU
		{7986E4CD-C5CD-40A1-87BE-D23F2840A668}.Release|Any CPU.ActiveCfg = Release|Any CPU
		{7986E4CD-C5CD-40A1-87BE-D23F2840A668}.Release|Any CPU.Build.0 = Release|Any CPU
	EndGlobalSection
	GlobalSection(SolutionProperties) = preSolution
		HideSolutionNode = FALSE
	EndGlobalSection
	GlobalSection(ExtensibilityGlobals) = postSolution
		SolutionGuid = {0B9374B0-09E9-4633-9028-DBB66A338A81}
	EndGlobalSection
EndGlobal
